
Microsoft Visual Studio Solution File, Format Version 12.00
# Visual Studio 15
Project("{FAE04EC0-301F-11D3-BF4B-00C04F79EFBC}") = "Assembly-CSharp", "Assembly-CSharp.csproj", "{FBC8ADB7-29BC-2CF1-EB42-A7BDB417514A}"
EndProject
Project("{FAE04EC0-301F-11D3-BF4B-00C04F79EFBC}") = "Assembly-CSharp-Editor", "Assembly-CSharp-Editor.csproj", "{549FAA8E-C3C6-9CE4-8B22-F7AA06F9388F}"
EndProject
Global
	GlobalSection(SolutionConfigurationPlatforms) = preSolution
		Debug|Any CPU = Debug|Any CPU
		Release|Any CPU = Release|Any CPU
	EndGlobalSection
	GlobalSection(ProjectConfigurationPlatforms) = postSolution
		{FBC8ADB7-29BC-2CF1-EB42-A7BDB417514A}.Debug|Any CPU.ActiveCfg = Debug|Any CPU
		{FBC8ADB7-29BC-2CF1-EB42-A7BDB417514A}.Debug|Any CPU.Build.0 = Debug|Any CPU
		{FBC8ADB7-29BC-2CF1-EB42-A7BDB417514A}.Release|Any CPU.ActiveCfg = Release|Any CPU
		{FBC8ADB7-29BC-2CF1-EB42-A7BDB417514A}.Release|Any CPU.Build.0 = Release|Any CPU
		{549FAA8E-C3C6-9CE4-8B22-F7AA06F9388F}.Debug|Any CPU.ActiveCfg = Debug|Any CPU
		{549FAA8E-C3C6-9CE4-8B22-F7AA06F9388F}.Debug|Any CPU.Build.0 = Debug|Any CPU
		{549FAA8E-C3C6-9CE4-8B22-F7AA06F9388F}.Release|Any CPU.ActiveCfg = Release|Any CPU
		{549FAA8E-C3C6-9CE4-8B22-F7AA06F9388F}.Release|Any CPU.Build.0 = Release|Any CPU
	EndGlobalSection
	GlobalSection(SolutionProperties) = preSolution
		HideSolutionNode = FALSE
	EndGlobalSection
EndGlobal
